
Microsoft Visual Studio Solution File, Format Version 12.00
# Visual Studio Version 16
VisualStudioVersion = 16.0.36631.11
MinimumVisualStudioVersion = 10.0.40219.1
Project("{FAE04EC0-301F-11D3-BF4B-00C04F79EFBC}") = "HirayaFoodServices", "HirayaFoodServices\HirayaFoodServices.csproj", "{3CD83922-CAD3-4B3F-905D-9732A092C38E}"
EndProject
Global
	GlobalSection(SolutionConfigurationPlatforms) = preSolution
		Debug|Any CPU = Debug|Any CPU
		Release|Any CPU = Release|Any CPU
	EndGlobalSection
	GlobalSection(ProjectConfigurationPlatforms) = postSolution
		{3CD83922-CAD3-4B3F-905D-9732A092C38E}.Debug|Any CPU.ActiveCfg = Debug|Any CPU
		{3CD83922-CAD3-4B3F-905D-9732A092C38E}.Debug|Any CPU.Build.0 = Debug|Any CPU
		{3CD83922-CAD3-4B3F-905D-9732A092C38E}.Release|Any CPU.ActiveCfg = Release|Any CPU
		{3CD83922-CAD3-4B3F-905D-9732A092C38E}.Release|Any CPU.Build.0 = Release|Any CPU
	EndGlobalSection
	GlobalSection(SolutionProperties) = preSolution
		HideSolutionNode = FALSE
	EndGlobalSection
	GlobalSection(ExtensibilityGlobals) = postSolution
		SolutionGuid = {B74D3689-D5F6-4C85-AB93-EC18DF0B0412}
	EndGlobalSection
EndGlobal
